PODS:
  - Flutter (1.0.0)
  - path_provider (0.0.1):
    - Flutter
  - webcontent_converter (0.0.1):
    - Flutter

DEPENDENCIES:
  - Flutter (from `Flutter`)
  - path_provider (from `.symlinks/plugins/path_provider/ios`)
  - webcontent_converter (from `.symlinks/plugins/webcontent_converter/ios`)

EXTERNAL SOURCES:
  Flutter:
    :path: Flutter
  path_provider:
    :path: ".symlinks/plugins/path_provider/ios"
  webcontent_converter:
    :path: ".symlinks/plugins/webcontent_converter/ios"

SPEC CHECKSUMS:
  Flutter: 434fef37c0980e73bb6479ef766c45957d4b510c
  path_provider: abfe2b5c733d04e238b0d8691db0cfd63a27a93c
  webcontent_converter: baa47c5fc5a9e8d703897a0b128f969c58fd2c7f

PODFILE CHECKSUM: 7368163408c647b7eb699d0d788ba6718e18fb8d

COCOAPODS: 1.10.1
