PODS:
  - FlutterMacOS (1.0.0)
  - printing (1.0.0):
    - FlutterMacOS
  - screen_retriever_macos (0.0.1):
    - FlutterMacOS

DEPENDENCIES:
  - FlutterMacOS (from `Flutter/ephemeral`)
  - printing (from `Flutter/ephemeral/.symlinks/plugins/printing/macos`)
  - screen_retriever_macos (from `Flutter/ephemeral/.symlinks/plugins/screen_retriever_macos/macos`)

EXTERNAL SOURCES:
  FlutterMacOS:
    :path: Flutter/ephemeral
  printing:
    :path: Flutter/ephemeral/.symlinks/plugins/printing/macos
  screen_retriever_macos:
    :path: Flutter/ephemeral/.symlinks/plugins/screen_retriever_macos/macos

SPEC CHECKSUMS:
  FlutterMacOS: c232990155153907050900a2e175c7773903ba4e
  printing: c4cf83c78fd684f9bc318e6aadc18972aa48f617
  screen_retriever_macos: 452e51764a9e1cdb74b3c541238795849f21557f

PODFILE CHECKSUM: f0c21717cb7ee9112f915044c74bfceb5b12e02a

COCOAPODS: 1.16.2
